
Microsoft Visual Studio Solution File, Format Version 12.00
Project("{FAE04EC0-301F-11D3-BF4B-00C04F79EFBC}") = "NumberGuesser.CLI", "NumberGuesser.CLI\NumberGuesser.CLI.csproj", "{A63D00A9-9D89-429E-BA77-08AF3DC239C6}"
EndProject
Global
	GlobalSection(SolutionConfigurationPlatforms) = preSolution
		Debug|Any CPU = Debug|Any CPU
		Release|Any CPU = Release|Any CPU
	EndGlobalSection
	GlobalSection(ProjectConfigurationPlatforms) = postSolution
		{A63D00A9-9D89-429E-BA77-08AF3DC239C6}.Debug|Any CPU.ActiveCfg = Debug|Any CPU
		{A63D00A9-9D89-429E-BA77-08AF3DC239C6}.Debug|Any CPU.Build.0 = Debug|Any CPU
		{A63D00A9-9D89-429E-BA77-08AF3DC239C6}.Release|Any CPU.ActiveCfg = Release|Any CPU
		{A63D00A9-9D89-429E-BA77-08AF3DC239C6}.Release|Any CPU.Build.0 = Release|Any CPU
	EndGlobalSection
EndGlobal
